
Microsoft Visual Studio Solution File, Format Version 12.00
# Visual Studio Version 17
VisualStudioVersion = 17.9.34607.119
MinimumVisualStudioVersion = 10.0.40219.1
Project("{FAE04EC0-301F-11D3-BF4B-00C04F79EFBC}") = "powerplant-coding-challenge", "powerplant-coding-challenge.csproj", "{02DFA210-E309-4B61-8F4F-BDFA6E03BC76}"
EndProject
Global
	GlobalSection(SolutionConfigurationPlatforms) = preSolution
		Debug|Any CPU = Debug|Any CPU
		Release|Any CPU = Release|Any CPU
	EndGlobalSection
	GlobalSection(ProjectConfigurationPlatforms) = postSolution
		{02DFA210-E309-4B61-8F4F-BDFA6E03BC76}.Debug|Any CPU.ActiveCfg = Debug|Any CPU
		{02DFA210-E309-4B61-8F4F-BDFA6E03BC76}.Debug|Any CPU.Build.0 = Debug|Any CPU
		{02DFA210-E309-4B61-8F4F-BDFA6E03BC76}.Release|Any CPU.ActiveCfg = Release|Any CPU
		{02DFA210-E309-4B61-8F4F-BDFA6E03BC76}.Release|Any CPU.Build.0 = Release|Any CPU
	EndGlobalSection
	GlobalSection(SolutionProperties) = preSolution
		HideSolutionNode = FALSE
	EndGlobalSection
	GlobalSection(ExtensibilityGlobals) = postSolution
		SolutionGuid = {9D145058-1D1E-4D95-8214-B1AF3934D382}
	EndGlobalSection
EndGlobal
