
Microsoft Visual Studio Solution File, Format Version 12.00
# Visual Studio Version 17
VisualStudioVersion = 17.0.31919.166
MinimumVisualStudioVersion = 10.0.40219.1
Project("{9A19103F-16F7-4668-BE54-9A1E7A4F7556}") = "WebApplicationOssia_API", "WebApplicationOssia\WebApplicationOssia_API.csproj", "{A3282A43-2C18-40AE-B54F-C82BD8C3247D}"
EndProject
Global
	GlobalSection(SolutionConfigurationPlatforms) = preSolution
		Debug|Any CPU = Debug|Any CPU
		Release|Any CPU = Release|Any CPU
	EndGlobalSection
	GlobalSection(ProjectConfigurationPlatforms) = postSolution
		{A3282A43-2C18-40AE-B54F-C82BD8C3247D}.Debug|Any CPU.ActiveCfg = Debug|Any CPU
		{A3282A43-2C18-40AE-B54F-C82BD8C3247D}.Debug|Any CPU.Build.0 = Debug|Any CPU
		{A3282A43-2C18-40AE-B54F-C82BD8C3247D}.Release|Any CPU.ActiveCfg = Release|Any CPU
		{A3282A43-2C18-40AE-B54F-C82BD8C3247D}.Release|Any CPU.Build.0 = Release|Any CPU
	EndGlobalSection
	GlobalSection(SolutionProperties) = preSolution
		HideSolutionNode = FALSE
	EndGlobalSection
	GlobalSection(ExtensibilityGlobals) = postSolution
		SolutionGuid = {2601AAF1-08CD-4DC3-A94A-978CA24D33A7}
	EndGlobalSection
EndGlobal
