
Microsoft Visual Studio Solution File, Format Version 12.00
# Visual Studio Version 17
VisualStudioVersion = 17.2.32616.157
MinimumVisualStudioVersion = 10.0.40219.1
Project("{FAE04EC0-301F-11D3-BF4B-00C04F79EFBC}") = "Api", "Api\Api.csproj", "{76B6E154-1ED7-42F1-BD0F-7FDD8718E082}"
EndProject
Project("{FAE04EC0-301F-11D3-BF4B-00C04F79EFBC}") = "Service", "Service\Service.csproj", "{AEAE4FFD-2834-486B-AA31-C2A7F07A7DA5}"
EndProject
Global
	GlobalSection(SolutionConfigurationPlatforms) = preSolution
		Debug|Any CPU = Debug|Any CPU
		Release|Any CPU = Release|Any CPU
	EndGlobalSection
	GlobalSection(ProjectConfigurationPlatforms) = postSolution
		{76B6E154-1ED7-42F1-BD0F-7FDD8718E082}.Debug|Any CPU.ActiveCfg = Debug|Any CPU
		{76B6E154-1ED7-42F1-BD0F-7FDD8718E082}.Debug|Any CPU.Build.0 = Debug|Any CPU
		{76B6E154-1ED7-42F1-BD0F-7FDD8718E082}.Release|Any CPU.ActiveCfg = Release|Any CPU
		{76B6E154-1ED7-42F1-BD0F-7FDD8718E082}.Release|Any CPU.Build.0 = Release|Any CPU
		{AEAE4FFD-2834-486B-AA31-C2A7F07A7DA5}.Debug|Any CPU.ActiveCfg = Debug|Any CPU
		{AEAE4FFD-2834-486B-AA31-C2A7F07A7DA5}.Debug|Any CPU.Build.0 = Debug|Any CPU
		{AEAE4FFD-2834-486B-AA31-C2A7F07A7DA5}.Release|Any CPU.ActiveCfg = Release|Any CPU
		{AEAE4FFD-2834-486B-AA31-C2A7F07A7DA5}.Release|Any CPU.Build.0 = Release|Any CPU
	EndGlobalSection
	GlobalSection(SolutionProperties) = preSolution
		HideSolutionNode = FALSE
	EndGlobalSection
	GlobalSection(ExtensibilityGlobals) = postSolution
		SolutionGuid = {B425B3B2-ADE3-4961-9D4B-6973FCF067D8}
	EndGlobalSection
EndGlobal
